version: 1.0
shards:
  cltk:
    github: ziprandom/cltk
    commit: 6fd2b8fc98cc55950bcc57187881b68a6230ebcc

  crystal-dfa:
    github: ziprandom/crystal-dfa
    commit: 6cc295c622226da3e9b2131ab8ce340c5f18ecb1

  db:
    github: crystal-lang/crystal-db
    version: 0.5.0

  graphql-crystal:
    github: ziprandom/graphql-crystal
    version: 0.1.4

  kemal:
    github: kemalcr/kemal
    version: 0.23.0

  kilt:
    github: jeromegn/kilt
    version: 0.4.0

  micrate:
    github: amberframework/micrate
    version: 0.3.3

  msgpack:
    github: benoist/msgpack-crystal
    version: 0.8.0

  pg:
    github: will/crystal-pg
    version: 0.15.0

  radix:
    github: luislavena/radix
    version: 0.3.8

  sam:
    github: imdrasil/sam.cr
    version: 0.2.4

  tren:
    github: sdogruyol/tren
    version: 0.4.0

